# This file is automatically @generated by Cargo.
# It is not intended for manual editing.
version = 4

[[package]]
name = "valo_cli"
version = "0.1.0"
dependencies = [
 "valo_interpreter",
 "valo_parser",
 "valo_runtime",
 "valo_semantics",
]

[[package]]
name = "valo_interpreter"
version = "0.1.0"
dependencies = [
 "valo_parser",
 "valo_runtime",
 "valo_semantics",
]

[[package]]
name = "valo_parser"
version = "0.1.0"
dependencies = [
 "valo_runtime",
]

[[package]]
name = "valo_runtime"
version = "0.1.0"

[[package]]
name = "valo_semantics"
version = "0.1.0"
dependencies = [
 "valo_parser",
 "valo_runtime",
]
